
Microsoft Visual Studio Solution File, Format Version 12.00
# Visual Studio Version 16
VisualStudioVersion = 16.0.30523.141
MinimumVisualStudioVersion = 10.0.40219.1
Project("{FAE04EC0-301F-11D3-BF4B-00C04F79EFBC}") = "StudyApplication", "StudyApplication.csproj", "{F8E13035-AE54-4195-BAB1-6AD97E07AA14}"
EndProject
Global
	GlobalSection(SolutionConfigurationPlatforms) = preSolution
		Debug|Any CPU = Debug|Any CPU
		Release|Any CPU = Release|Any CPU
	EndGlobalSection
	GlobalSection(ProjectConfigurationPlatforms) = postSolution
		{F8E13035-AE54-4195-BAB1-6AD97E07AA14}.Debug|Any CPU.ActiveCfg = Debug|Any CPU
		{F8E13035-AE54-4195-BAB1-6AD97E07AA14}.Debug|Any CPU.Build.0 = Debug|Any CPU
		{F8E13035-AE54-4195-BAB1-6AD97E07AA14}.Release|Any CPU.ActiveCfg = Release|Any CPU
		{F8E13035-AE54-4195-BAB1-6AD97E07AA14}.Release|Any CPU.Build.0 = Release|Any CPU
	EndGlobalSection
	GlobalSection(SolutionProperties) = preSolution
		HideSolutionNode = FALSE
	EndGlobalSection
	GlobalSection(ExtensibilityGlobals) = postSolution
		SolutionGuid = {B09FAA9A-001F-4890-921F-8BFE03DF347B}
	EndGlobalSection
EndGlobal
